
Microsoft Visual Studio Solution File, Format Version 12.00
# Visual Studio Version 17
VisualStudioVersion = 17.0.32112.339
MinimumVisualStudioVersion = 10.0.40219.1
Project("{2150E333-8FDC-42A3-9474-1A3956D46DE8}") = "src", "src", "{D40BD999-D792-4402-97B5-9F685743E8F2}"
EndProject
Project("{9A19103F-16F7-4668-BE54-9A1E7A4F7556}") = "UpstreamService", "src\UpstreamService\UpstreamService.csproj", "{3EBCC845-32C6-420A-BC0F-1BCD6CEAA92F}"
EndProject
Project("{9A19103F-16F7-4668-BE54-9A1E7A4F7556}") = "ConsumerService", "src\ConsumerService\ConsumerService.csproj", "{CCCA77E2-60E5-4256-8D3D-ECE8818E56B2}"
EndProject
Project("{2150E333-8FDC-42A3-9474-1A3956D46DE8}") = "test", "test", "{D85ED9F9-933B-4B39-80DA-4A284D9FA530}"
EndProject
Project("{9A19103F-16F7-4668-BE54-9A1E7A4F7556}") = "ConsumerService.Contracts", "test\ConsumerService.Contracts\ConsumerService.Contracts.csproj", "{83356AA4-7287-4C35-BB7C-D7503617374A}"
EndProject
Project("{FAE04EC0-301F-11D3-BF4B-00C04F79EFBC}") = "UpstreamService.Contracts", "test\UpstreamService.Contracts\UpstreamService.Contracts.csproj", "{4BCDE21A-773F-4554-9247-71FEB04A00B3}"
EndProject
Global
	GlobalSection(SolutionConfigurationPlatforms) = preSolution
		Debug|Any CPU = Debug|Any CPU
		Release|Any CPU = Release|Any CPU
	EndGlobalSection
	GlobalSection(ProjectConfigurationPlatforms) = postSolution
		{3EBCC845-32C6-420A-BC0F-1BCD6CEAA92F}.Debug|Any CPU.ActiveCfg = Debug|Any CPU
		{3EBCC845-32C6-420A-BC0F-1BCD6CEAA92F}.Debug|Any CPU.Build.0 = Debug|Any CPU
		{3EBCC845-32C6-420A-BC0F-1BCD6CEAA92F}.Release|Any CPU.ActiveCfg = Release|Any CPU
		{3EBCC845-32C6-420A-BC0F-1BCD6CEAA92F}.Release|Any CPU.Build.0 = Release|Any CPU
		{CCCA77E2-60E5-4256-8D3D-ECE8818E56B2}.Debug|Any CPU.ActiveCfg = Debug|Any CPU
		{CCCA77E2-60E5-4256-8D3D-ECE8818E56B2}.Debug|Any CPU.Build.0 = Debug|Any CPU
		{CCCA77E2-60E5-4256-8D3D-ECE8818E56B2}.Release|Any CPU.ActiveCfg = Release|Any CPU
		{CCCA77E2-60E5-4256-8D3D-ECE8818E56B2}.Release|Any CPU.Build.0 = Release|Any CPU
		{83356AA4-7287-4C35-BB7C-D7503617374A}.Debug|Any CPU.ActiveCfg = Debug|Any CPU
		{83356AA4-7287-4C35-BB7C-D7503617374A}.Debug|Any CPU.Build.0 = Debug|Any CPU
		{83356AA4-7287-4C35-BB7C-D7503617374A}.Release|Any CPU.ActiveCfg = Release|Any CPU
		{83356AA4-7287-4C35-BB7C-D7503617374A}.Release|Any CPU.Build.0 = Release|Any CPU
		{4BCDE21A-773F-4554-9247-71FEB04A00B3}.Debug|Any CPU.ActiveCfg = Debug|Any CPU
		{4BCDE21A-773F-4554-9247-71FEB04A00B3}.Debug|Any CPU.Build.0 = Debug|Any CPU
		{4BCDE21A-773F-4554-9247-71FEB04A00B3}.Release|Any CPU.ActiveCfg = Release|Any CPU
		{4BCDE21A-773F-4554-9247-71FEB04A00B3}.Release|Any CPU.Build.0 = Release|Any CPU
	EndGlobalSection
	GlobalSection(SolutionProperties) = preSolution
		HideSolutionNode = FALSE
	EndGlobalSection
	GlobalSection(NestedProjects) = preSolution
		{3EBCC845-32C6-420A-BC0F-1BCD6CEAA92F} = {D40BD999-D792-4402-97B5-9F685743E8F2}
		{CCCA77E2-60E5-4256-8D3D-ECE8818E56B2} = {D40BD999-D792-4402-97B5-9F685743E8F2}
		{83356AA4-7287-4C35-BB7C-D7503617374A} = {D85ED9F9-933B-4B39-80DA-4A284D9FA530}
		{4BCDE21A-773F-4554-9247-71FEB04A00B3} = {D85ED9F9-933B-4B39-80DA-4A284D9FA530}
	EndGlobalSection
	GlobalSection(ExtensibilityGlobals) = postSolution
		SolutionGuid = {3F5F40C3-E49F-4E6C-921D-51D43693B365}
	EndGlobalSection
EndGlobal
