
Microsoft Visual Studio Solution File, Format Version 12.00
# Visual Studio Version 16
VisualStudioVersion = 16.0.30114.105
MinimumVisualStudioVersion = 10.0.40219.1
Project("{2150E333-8FDC-42A3-9474-1A3956D46DE8}") = "src", "src", "{D40BD999-D792-4402-97B5-9F685743E8F2}"
EndProject
Project("{FAE04EC0-301F-11D3-BF4B-00C04F79EFBC}") = "UpstreamService", "src\UpstreamService\UpstreamService.csproj", "{3EBCC845-32C6-420A-BC0F-1BCD6CEAA92F}"
EndProject
Project("{FAE04EC0-301F-11D3-BF4B-00C04F79EFBC}") = "ConsumerService", "src\ConsumerService\ConsumerService.csproj", "{CCCA77E2-60E5-4256-8D3D-ECE8818E56B2}"
EndProject
Global
	GlobalSection(SolutionConfigurationPlatforms) = preSolution
		Debug|Any CPU = Debug|Any CPU
		Release|Any CPU = Release|Any CPU
	EndGlobalSection
	GlobalSection(SolutionProperties) = preSolution
		HideSolutionNode = FALSE
	EndGlobalSection
	GlobalSection(ProjectConfigurationPlatforms) = postSolution
		{3EBCC845-32C6-420A-BC0F-1BCD6CEAA92F}.Debug|Any CPU.ActiveCfg = Debug|Any CPU
		{3EBCC845-32C6-420A-BC0F-1BCD6CEAA92F}.Debug|Any CPU.Build.0 = Debug|Any CPU
		{3EBCC845-32C6-420A-BC0F-1BCD6CEAA92F}.Release|Any CPU.ActiveCfg = Release|Any CPU
		{3EBCC845-32C6-420A-BC0F-1BCD6CEAA92F}.Release|Any CPU.Build.0 = Release|Any CPU
		{CCCA77E2-60E5-4256-8D3D-ECE8818E56B2}.Debug|Any CPU.ActiveCfg = Debug|Any CPU
		{CCCA77E2-60E5-4256-8D3D-ECE8818E56B2}.Debug|Any CPU.Build.0 = Debug|Any CPU
		{CCCA77E2-60E5-4256-8D3D-ECE8818E56B2}.Release|Any CPU.ActiveCfg = Release|Any CPU
		{CCCA77E2-60E5-4256-8D3D-ECE8818E56B2}.Release|Any CPU.Build.0 = Release|Any CPU
	EndGlobalSection
	GlobalSection(NestedProjects) = preSolution
		{3EBCC845-32C6-420A-BC0F-1BCD6CEAA92F} = {D40BD999-D792-4402-97B5-9F685743E8F2}
		{CCCA77E2-60E5-4256-8D3D-ECE8818E56B2} = {D40BD999-D792-4402-97B5-9F685743E8F2}
	EndGlobalSection
EndGlobal
